
Microsoft Visual Studio Solution File, Format Version 12.00
# Visual Studio Version 16
VisualStudioVersion = 16.0.32002.261
MinimumVisualStudioVersion = 10.0.40219.1
Project("{9A19103F-16F7-4668-BE54-9A1E7A4F7556}") = "DataAccess", "DataAccess\DataAccess.csproj", "{EDEE02BC-7FE3-4C96-B454-A2B9523FC223}"
EndProject
Project("{9A19103F-16F7-4668-BE54-9A1E7A4F7556}") = "Business", "Business\Business.csproj", "{45AE5949-5AD6-46F3-A843-60B010F4F8CB}"
EndProject
Project("{9A19103F-16F7-4668-BE54-9A1E7A4F7556}") = "Entities", "Entities\Entities.csproj", "{2BB42533-0121-48EE-AD73-F308C6CAF9E7}"
EndProject
Project("{9A19103F-16F7-4668-BE54-9A1E7A4F7556}") = "ConsoleUI", "ConsoleUI\ConsoleUI.csproj", "{E819E88D-FA01-4D0D-9792-7FFB4FD21961}"
EndProject
Project("{9A19103F-16F7-4668-BE54-9A1E7A4F7556}") = "Core", "Core\Core.csproj", "{A892A0E4-9889-448F-AAC8-3FBE2C7F8F41}"
EndProject
Project("{FAE04EC0-301F-11D3-BF4B-00C04F79EFBC}") = "WebAPI", "WebAPI\WebAPI.csproj", "{232EBA56-C469-4A56-84C9-8270E94A5E55}"
EndProject
Global
	GlobalSection(SolutionConfigurationPlatforms) = preSolution
		Debug|Any CPU = Debug|Any CPU
		Release|Any CPU = Release|Any CPU
	EndGlobalSection
	GlobalSection(ProjectConfigurationPlatforms) = postSolution
		{EDEE02BC-7FE3-4C96-B454-A2B9523FC223}.Debug|Any CPU.ActiveCfg = Debug|Any CPU
		{EDEE02BC-7FE3-4C96-B454-A2B9523FC223}.Debug|Any CPU.Build.0 = Debug|Any CPU
		{EDEE02BC-7FE3-4C96-B454-A2B9523FC223}.Release|Any CPU.ActiveCfg = Release|Any CPU
		{EDEE02BC-7FE3-4C96-B454-A2B9523FC223}.Release|Any CPU.Build.0 = Release|Any CPU
		{45AE5949-5AD6-46F3-A843-60B010F4F8CB}.Debug|Any CPU.ActiveCfg = Debug|Any CPU
		{45AE5949-5AD6-46F3-A843-60B010F4F8CB}.Debug|Any CPU.Build.0 = Debug|Any CPU
		{45AE5949-5AD6-46F3-A843-60B010F4F8CB}.Release|Any CPU.ActiveCfg = Release|Any CPU
		{45AE5949-5AD6-46F3-A843-60B010F4F8CB}.Release|Any CPU.Build.0 = Release|Any CPU
		{2BB42533-0121-48EE-AD73-F308C6CAF9E7}.Debug|Any CPU.ActiveCfg = Debug|Any CPU
		{2BB42533-0121-48EE-AD73-F308C6CAF9E7}.Debug|Any CPU.Build.0 = Debug|Any CPU
		{2BB42533-0121-48EE-AD73-F308C6CAF9E7}.Release|Any CPU.ActiveCfg = Release|Any CPU
		{2BB42533-0121-48EE-AD73-F308C6CAF9E7}.Release|Any CPU.Build.0 = Release|Any CPU
		{E819E88D-FA01-4D0D-9792-7FFB4FD21961}.Debug|Any CPU.ActiveCfg = Debug|Any CPU
		{E819E88D-FA01-4D0D-9792-7FFB4FD21961}.Debug|Any CPU.Build.0 = Debug|Any CPU
		{E819E88D-FA01-4D0D-9792-7FFB4FD21961}.Release|Any CPU.ActiveCfg = Release|Any CPU
		{E819E88D-FA01-4D0D-9792-7FFB4FD21961}.Release|Any CPU.Build.0 = Release|Any CPU
		{A892A0E4-9889-448F-AAC8-3FBE2C7F8F41}.Debug|Any CPU.ActiveCfg = Debug|Any CPU
		{A892A0E4-9889-448F-AAC8-3FBE2C7F8F41}.Debug|Any CPU.Build.0 = Debug|Any CPU
		{A892A0E4-9889-448F-AAC8-3FBE2C7F8F41}.Release|Any CPU.ActiveCfg = Release|Any CPU
		{A892A0E4-9889-448F-AAC8-3FBE2C7F8F41}.Release|Any CPU.Build.0 = Release|Any CPU
		{232EBA56-C469-4A56-84C9-8270E94A5E55}.Debug|Any CPU.ActiveCfg = Debug|Any CPU
		{232EBA56-C469-4A56-84C9-8270E94A5E55}.Debug|Any CPU.Build.0 = Debug|Any CPU
		{232EBA56-C469-4A56-84C9-8270E94A5E55}.Release|Any CPU.ActiveCfg = Release|Any CPU
		{232EBA56-C469-4A56-84C9-8270E94A5E55}.Release|Any CPU.Build.0 = Release|Any CPU
	EndGlobalSection
	GlobalSection(SolutionProperties) = preSolution
		HideSolutionNode = FALSE
	EndGlobalSection
	GlobalSection(ExtensibilityGlobals) = postSolution
		SolutionGuid = {2FBD0B27-403E-4822-818C-678B67EE5E72}
	EndGlobalSection
EndGlobal
